// !$*UTF8*$!
{
	archiveVersion = 1;
	classes = {
	};
	objectVersion = 55;
	objects = {

/* Begin PBXBuildFile section */
		8EA0B0562CAB579100D59814 /* AppDelegate.swift in Sources */ = {isa = PBXBuildFile; fileRef = 8EA0B0552CAB579100D59814 /* AppDelegate.swift */; };
		8EA0B0582CAB579100D59814 /* SceneDelegate.swift in Sources */ = {isa = PBXBuildFile; fileRef = 8EA0B0572CAB579100D59814 /* SceneDelegate.swift */; };
		8EA0B05A2CAB579100D59814 /* ViewController.swift in Sources */ = {isa = PBXBuildFile; fileRef = 8EA0B0592CAB579100D59814 /* ViewController.swift */; };
		8EA0B05D2CAB579100D59814 /* Main.storyboard in Resources */ = {isa = PBXBuildFile; fileRef = 8EA0B05B2CAB579100D59814 /* Main.storyboard */; };
		8EA0B0602CAB579100D59814 /* HuertaColeccionDeJuegos.xcdatamodeld in Sources */ = {isa = PBXBuildFile; fileRef = 8EA0B05E2CAB579100D59814 /* HuertaColeccionDeJuegos.xcdatamodeld */; };
		8EA0B0622CAB579300D59814 /* Assets.xcassets in Resources */ = {isa = PBXBuildFile; fileRef = 8EA0B0612CAB579300D59814 /* Assets.xcassets */; };
		8EA0B0652CAB579300D59814 /* LaunchScreen.storyboard in Resources */ = {isa = PBXBuildFile; fileRef = 8EA0B0632CAB579300D59814 /* LaunchScreen.storyboard */; };
		8EA0B06D2CAB616800D59814 /* JuegosViewController.swift in Sources */ = {isa = PBXBuildFile; fileRef = 8EA0B06C2CAB616800D59814 /* JuegosViewController.swift */; };
/* End PBXBuildFile section */

/* Begin PBXFileReference section */
		8EA0B0522CAB579100D59814 /* HuertaColeccionDeJuegos.app */ = {isa = PBXFileReference; explicitFileType = wrapper.application; includeInIndex = 0; path = HuertaColeccionDeJuegos.app; sourceTree = BUILT_PRODUCTS_DIR; };
		8EA0B0552CAB579100D59814 /* AppDelegate.swift */ = {isa = PBXFileReference; lastKnownFileType = sourcecode.swift; path = AppDelegate.swift; sourceTree = "<group>"; };
		8EA0B0572CAB579100D59814 /* SceneDelegate.swift */ = {isa = PBXFileReference; lastKnownFileType = sourcecode.swift; path = SceneDelegate.swift; sourceTree = "<group>"; };
		8EA0B0592CAB579100D59814 /* ViewController.swift */ = {isa = PBXFileReference; lastKnownFileType = sourcecode.swift; path = ViewController.swift; sourceTree = "<group>"; };
		8EA0B05C2CAB579100D59814 /* Base */ = {isa = PBXFileReference; lastKnownFileType = file.storyboard; name = Base; path = Base.lproj/Main.storyboard; sourceTree = "<group>"; };
		8EA0B05F2CAB579100D59814 /* HuertaColeccionDeJuegos.xcdatamodel */ = {isa = PBXFileReference; lastKnownFileType = wrapper.xcdatamodel; path = HuertaColeccionDeJuegos.xcdatamodel; sourceTree = "<group>"; };
		8EA0B0612CAB579300D59814 /* Assets.xcassets */ = {isa = PBXFileReference; lastKnownFileType = folder.assetcatalog; path = Assets.xcassets; sourceTree = "<group>"; };
		8EA0B0642CAB579300D59814 /* Base */ = {isa = PBXFileReference; lastKnownFileType = file.storyboard; name = Base; path = Base.lproj/LaunchScreen.storyboard; sourceTree = "<group>"; };
		8EA0B0662CAB579300D59814 /* Info.plist */ = {isa = PBXFileReference; lastKnownFileType = text.plist.xml; path = Info.plist; sourceTree = "<group>"; };
		8EA0B06C2CAB616800D59814 /* JuegosViewController.swift */ = {isa = PBXFileReference; lastKnownFileType = sourcecode.swift; path = JuegosViewController.swift; sourceTree = "<group>"; };
/* End PBXFileReference section */

/* Begin PBXFrameworksBuildPhase section */
		8EA0B04F2CAB579100D59814 /* Frameworks */ = {
			isa = PBXFrameworksBuildPhase;
			buildActionMask = 2147483647;
			files = (
			);
			runOnlyForDeploymentPostprocessing = 0;
		};
/* End PBXFrameworksBuildPhase section */

/* Begin PBXGroup section */
		8EA0B0492CAB579100D59814 = {
			isa = PBXGroup;
			children = (
				8EA0B0542CAB579100D59814 /* HuertaColeccionDeJuegos */,
				8EA0B0532CAB579100D59814 /* Products */,
			);
			sourceTree = "<group>";
		};
		8EA0B0532CAB579100D59814 /* Products */ = {
			isa = PBXGroup;
			children = (
				8EA0B0522CAB579100D59814 /* HuertaColeccionDeJuegos.app */,
			);
			name = Products;
			sourceTree = "<group>";
		};
		8EA0B0542CAB579100D59814 /* HuertaColeccionDeJuegos */ = {
			isa = PBXGroup;
			children = (
				8EA0B0552CAB579100D59814 /* AppDelegate.swift */,
				8EA0B0572CAB579100D59814 /* SceneDelegate.swift */,
				8EA0B0592CAB579100D59814 /* ViewController.swift */,
				8EA0B05B2CAB579100D59814 /* Main.storyboard */,
				8EA0B0612CAB579300D59814 /* Assets.xcassets */,
				8EA0B0632CAB579300D59814 /* LaunchScreen.storyboard */,
				8EA0B0662CAB579300D59814 /* Info.plist */,
				8EA0B05E2CAB579100D59814 /* HuertaColeccionDeJuegos.xcdatamodeld */,
				8EA0B06C2CAB616800D59814 /* JuegosViewController.swift */,
			);
			path = HuertaColeccionDeJuegos;
			sourceTree = "<group>";
		};
/* End PBXGroup section */

/* Begin PBXNativeTarget section */
		8EA0B0512CAB579100D59814 /* HuertaColeccionDeJuegos */ = {
			isa = PBXNativeTarget;
			buildConfigurationList = 8EA0B0692CAB579300D59814 /* Build configuration list for PBXNativeTarget "HuertaColeccionDeJuegos" */;
			buildPhases = (
				8EA0B04E2CAB579100D59814 /* Sources */,
				8EA0B04F2CAB579100D59814 /* Frameworks */,
				8EA0B0502CAB579100D59814 /* Resources */,
			);
			buildRules = (
			);
			dependencies = (
			);
			name = HuertaColeccionDeJuegos;
			productName = HuertaColeccionDeJuegos;
			productReference = 8EA0B0522CAB579100D59814 /* HuertaColeccionDeJuegos.app */;
			productType = "com.apple.product-type.application";
		};
/* End PBXNativeTarget section */

/* Begin PBXProject section */
		8EA0B04A2CAB579100D59814 /* Project object */ = {
			isa = PBXProject;
			attributes = {
				BuildIndependentTargetsInParallel = 1;
				LastSwiftUpdateCheck = 1340;
				LastUpgradeCheck = 1340;
				TargetAttributes = {
					8EA0B0512CAB579100D59814 = {
						CreatedOnToolsVersion = 13.4.1;
					};
				};
			};
			buildConfigurationList = 8EA0B04D2CAB579100D59814 /* Build configuration list for PBXProject "HuertaColeccionDeJuegos" */;
			compatibilityVersion = "Xcode 13.0";
			developmentRegion = en;
			hasScannedForEncodings = 0;
			knownRegions = (
				en,
				Base,
			);
			mainGroup = 8EA0B0492CAB579100D59814;
			productRefGroup = 8EA0B0532CAB579100D59814 /* Products */;
			projectDirPath = "";
			projectRoot = "";
			targets = (
				8EA0B0512CAB579100D59814 /* HuertaColeccionDeJuegos */,
			);
		};
/* End PBXProject section */

/* Begin PBXResourcesBuildPhase section */
		8EA0B0502CAB579100D59814 /* Resources */ = {
			isa = PBXResourcesBuildPhase;
			buildActionMask = 2147483647;
			files = (
				8EA0B0652CAB579300D59814 /* LaunchScreen.storyboard in Resources */,
				8EA0B0622CAB579300D59814 /* Assets.xcassets in Resources */,
				8EA0B05D2CAB579100D59814 /* Main.storyboard in Resources */,
			);
			runOnlyForDeploymentPostprocessing = 0;
		};
/* End PBXResourcesBuildPhase section */

/* Begin PBXSourcesBuildPhase section */
		8EA0B04E2CAB579100D59814 /* Sources */ = {
			isa = PBXSourcesBuildPhase;
			buildActionMask = 2147483647;
			files = (
				8EA0B06D2CAB616800D59814 /* JuegosViewController.swift in Sources */,
				8EA0B05A2CAB579100D59814 /* ViewController.swift in Sources */,
				8EA0B0562CAB579100D59814 /* AppDelegate.swift in Sources */,
				8EA0B0602CAB579100D59814 /* HuertaColeccionDeJuegos.xcdatamodeld in Sources */,
				8EA0B0582CAB579100D59814 /* SceneDelegate.swift in Sources */,
			);
			runOnlyForDeploymentPostprocessing = 0;
		};
/* End PBXSourcesBuildPhase section */

/* Begin PBXVariantGroup section */
		8EA0B05B2CAB579100D59814 /* Main.storyboard */ = {
			isa = PBXVariantGroup;
			children = (
				8EA0B05C2CAB579100D59814 /* Base */,
			);
			name = Main.storyboard;
			sourceTree = "<group>";
		};
		8EA0B0632CAB579300D59814 /* LaunchScreen.storyboard */ = {
			isa = PBXVariantGroup;
			children = (
				8EA0B0642CAB579300D59814 /* Base */,
			);
			name = LaunchScreen.storyboard;
			sourceTree = "<group>";
		};
/* End PBXVariantGroup section */

/* Begin XCBuildConfiguration section */
		8EA0B0672CAB579300D59814 /* Debug */ = {
			isa = XCBuildConfiguration;
			buildSettings = {
				ALWAYS_SEARCH_USER_PATHS = NO;
				CLANG_ANALYZER_NONNULL = YES;
				CLANG_ANALYZER_NUMBER_OBJECT_CONVERSION = YES_AGGRESSIVE;
				CLANG_CXX_LANGUAGE_STANDARD = "gnu++17";
				CLANG_ENABLE_MODULES = YES;
				CLANG_ENABLE_OBJC_ARC = YES;
				CLANG_ENABLE_OBJC_WEAK = YES;
				CLANG_WARN_BLOCK_CAPTURE_AUTORELEASING = YES;
				CLANG_WARN_BOOL_CONVERSION = YES;
				CLANG_WARN_COMMA = YES;
				CLANG_WARN_CONSTANT_CONVERSION = YES;
				CLANG_WARN_DEPRECATED_OBJC_IMPLEMENTATIONS = YES;
				CLANG_WARN_DIRECT_OBJC_ISA_USAGE = YES_ERROR;
				CLANG_WARN_DOCUMENTATION_COMMENTS = YES;
				CLANG_WARN_EMPTY_BODY = YES;
				CLANG_WARN_ENUM_CONVERSION = YES;
				CLANG_WARN_INFINITE_RECURSION = YES;
				CLANG_WARN_INT_CONVERSION = YES;
				CLANG_WARN_NON_LITERAL_NULL_CONVERSION = YES;
				CLANG_WARN_OBJC_IMPLICIT_RETAIN_SELF = YES;
				CLANG_WARN_OBJC_LITERAL_CONVERSION = YES;
				CLANG_WARN_OBJC_ROOT_CLASS = YES_ERROR;
				CLANG_WARN_QUOTED_INCLUDE_IN_FRAMEWORK_HEADER = YES;
				CLANG_WARN_RANGE_LOOP_ANALYSIS = YES;
				CLANG_WARN_STRICT_PROTOTYPES = YES;
				CLANG_WARN_SUSPICIOUS_MOVE = YES;
				CLANG_WARN_UNGUARDED_AVAILABILITY = YES_AGGRESSIVE;
				CLANG_WARN_UNREACHABLE_CODE = YES;
				CLANG_WARN__DUPLICATE_METHOD_MATCH = YES;
				COPY_PHASE_STRIP = NO;
				DEBUG_INFORMATION_FORMAT = dwarf;
				ENABLE_STRICT_OBJC_MSGSEND = YES;
				ENABLE_TESTABILITY = YES;
				GCC_C_LANGUAGE_STANDARD = gnu11;
				GCC_DYNAMIC_NO_PIC = NO;
				GCC_NO_COMMON_BLOCKS = YES;
				GCC_OPTIMIZATION_LEVEL = 0;
				GCC_PREPROCESSOR_DEFINITIONS = (
					"DEBUG=1",
					"$(inherited)",
				);
				GCC_WARN_64_TO_32_BIT_CONVERSION = YES;
				GCC_WARN_ABOUT_RETURN_TYPE = YES_ERROR;
				GCC_WARN_UNDECLARED_SELECTOR = YES;
				GCC_WARN_UNINITIALIZED_AUTOS = YES_AGGRESSIVE;
				GCC_WARN_UNUSED_FUNCTION = YES;
				GCC_WARN_UNUSED_VARIABLE = YES;
				IPHONEOS_DEPLOYMENT_TARGET = 15.5;
				MTL_ENABLE_DEBUG_INFO = INCLUDE_SOURCE;
				MTL_FAST_MATH = YES;
				ONLY_ACTIVE_ARCH = YES;
				SDKROOT = iphoneos;
				SWIFT_ACTIVE_COMPILATION_CONDITIONS = DEBUG;
				SWIFT_OPTIMIZATION_LEVEL = "-Onone";
			};
			name = Debug;
		};
		8EA0B0682CAB579300D59814 /* Release */ = {
			isa = XCBuildConfiguration;
			buildSettings = {
				ALWAYS_SEARCH_USER_PATHS = NO;
				CLANG_ANALYZER_NONNULL = YES;
				CLANG_ANALYZER_NUMBER_OBJECT_CONVERSION = YES_AGGRESSIVE;
				CLANG_CXX_LANGUAGE_STANDARD = "gnu++17";
				CLANG_ENABLE_MODULES = YES;
				CLANG_ENABLE_OBJC_ARC = YES;
				CLANG_ENABLE_OBJC_WEAK = YES;
				CLANG_WARN_BLOCK_CAPTURE_AUTORELEASING = YES;
				CLANG_WARN_BOOL_CONVERSION = YES;
				CLANG_WARN_COMMA = YES;
				CLANG_WARN_CONSTANT_CONVERSION = YES;
				CLANG_WARN_DEPRECATED_OBJC_IMPLEMENTATIONS = YES;
				CLANG_WARN_DIRECT_OBJC_ISA_USAGE = YES_ERROR;
				CLANG_WARN_DOCUMENTATION_COMMENTS = YES;
				CLANG_WARN_EMPTY_BODY = YES;
				CLANG_WARN_ENUM_CONVERSION = YES;
				CLANG_WARN_INFINITE_RECURSION = YES;
				CLANG_WARN_INT_CONVERSION = YES;
				CLANG_WARN_NON_LITERAL_NULL_CONVERSION = YES;
				CLANG_WARN_OBJC_IMPLICIT_RETAIN_SELF = YES;
				CLANG_WARN_OBJC_LITERAL_CONVERSION = YES;
				CLANG_WARN_OBJC_ROOT_CLASS = YES_ERROR;
				CLANG_WARN_QUOTED_INCLUDE_IN_FRAMEWORK_HEADER = YES;
				CLANG_WARN_RANGE_LOOP_ANALYSIS = YES;
				CLANG_WARN_STRICT_PROTOTYPES = YES;
				CLANG_WARN_SUSPICIOUS_MOVE = YES;
				CLANG_WARN_UNGUARDED_AVAILABILITY = YES_AGGRESSIVE;
				CLANG_WARN_UNREACHABLE_CODE = YES;
				CLANG_WARN__DUPLICATE_METHOD_MATCH = YES;
				COPY_PHASE_STRIP = NO;
				DEBUG_INFORMATION_FORMAT = "dwarf-with-dsym";
				ENABLE_NS_ASSERTIONS = NO;
				ENABLE_STRICT_OBJC_MSGSEND = YES;
				GCC_C_LANGUAGE_STANDARD = gnu11;
				GCC_NO_COMMON_BLOCKS = YES;
				GCC_WARN_64_TO_32_BIT_CONVERSION = YES;
				GCC_WARN_ABOUT_RETURN_TYPE = YES_ERROR;
				GCC_WARN_UNDECLARED_SELECTOR = YES;
				GCC_WARN_UNINITIALIZED_AUTOS = YES_AGGRESSIVE;
				GCC_WARN_UNUSED_FUNCTION = YES;
				GCC_WARN_UNUSED_VARIABLE = YES;
				IPHONEOS_DEPLOYMENT_TARGET = 15.5;
				MTL_ENABLE_DEBUG_INFO = NO;
				MTL_FAST_MATH = YES;
				SDKROOT = iphoneos;
				SWIFT_COMPILATION_MODE = wholemodule;
				SWIFT_OPTIMIZATION_LEVEL = "-O";
				VALIDATE_PRODUCT = YES;
			};
			name = Release;
		};
		8EA0B06A2CAB579300D59814 /* Debug */ = {
			isa = XCBuildConfiguration;
			buildSettings = {
				ASSETCATALOG_COMPILER_APPICON_NAME = AppIcon;
				ASSETCATALOG_COMPILER_GLOBAL_ACCENT_COLOR_NAME = AccentColor;
				CODE_SIGN_STYLE = Automatic;
				CURRENT_PROJECT_VERSION = 1;
				GENERATE_INFOPLIST_FILE = YES;
				INFOPLIST_FILE = HuertaColeccionDeJuegos/Info.plist;
				INFOPLIST_KEY_UIApplicationSupportsIndirectInputEvents = YES;
				INFOPLIST_KEY_UILaunchStoryboardName = LaunchScreen;
				INFOPLIST_KEY_UIMainStoryboardFile = Main;
				INFOPLIST_KEY_UISupportedInterfaceOrientations_iPad = "UIInterfaceOrientationPortrait UIInterfaceOrientationPortraitUpsideDown UIInterfaceOrientationLandscapeLeft UIInterfaceOrientationLandscapeRight";
				INFOPLIST_KEY_UISupportedInterfaceOrientations_iPhone = "UIInterfaceOrientationPortrait UIInterfaceOrientationLandscapeLeft UIInterfaceOrientationLandscapeRight";
				LD_RUNPATH_SEARCH_PATHS = (
					"$(inherited)",
					"@executable_path/Frameworks",
				);
				MARKETING_VERSION = 1.0;
				PRODUCT_BUNDLE_IDENTIFIER = empresa.HuertaColeccionDeJuegos;
				PRODUCT_NAME = "$(TARGET_NAME)";
				SWIFT_EMIT_LOC_STRINGS = YES;
				SWIFT_VERSION = 5.0;
				TARGETED_DEVICE_FAMILY = "1,2";
			};
			name = Debug;
		};
		8EA0B06B2CAB579300D59814 /* Release */ = {
			isa = XCBuildConfiguration;
			buildSettings = {
				ASSETCATALOG_COMPILER_APPICON_NAME = AppIcon;
				ASSETCATALOG_COMPILER_GLOBAL_ACCENT_COLOR_NAME = AccentColor;
				CODE_SIGN_STYLE = Automatic;
				CURRENT_PROJECT_VERSION = 1;
				GENERATE_INFOPLIST_FILE = YES;
				INFOPLIST_FILE = HuertaColeccionDeJuegos/Info.plist;
				INFOPLIST_KEY_UIApplicationSupportsIndirectInputEvents = YES;
				INFOPLIST_KEY_UILaunchStoryboardName = LaunchScreen;
				INFOPLIST_KEY_UIMainStoryboardFile = Main;
				INFOPLIST_KEY_UISupportedInterfaceOrientations_iPad = "UIInterfaceOrientationPortrait UIInterfaceOrientationPortraitUpsideDown UIInterfaceOrientationLandscapeLeft UIInterfaceOrientationLandscapeRight";
				INFOPLIST_KEY_UISupportedInterfaceOrientations_iPhone = "UIInterfaceOrientationPortrait UIInterfaceOrientationLandscapeLeft UIInterfaceOrientationLandscapeRight";
				LD_RUNPATH_SEARCH_PATHS = (
					"$(inherited)",
					"@executable_path/Frameworks",
				);
				MARKETING_VERSION = 1.0;
				PRODUCT_BUNDLE_IDENTIFIER = empresa.HuertaColeccionDeJuegos;
				PRODUCT_NAME = "$(TARGET_NAME)";
				SWIFT_EMIT_LOC_STRINGS = YES;
				SWIFT_VERSION = 5.0;
				TARGETED_DEVICE_FAMILY = "1,2";
			};
			name = Release;
		};
/* End XCBuildConfiguration section */

/* Begin XCConfigurationList section */
		8EA0B04D2CAB579100D59814 /* Build configuration list for PBXProject "HuertaColeccionDeJuegos" */ = {
			isa = XCConfigurationList;
			buildConfigurations = (
				8EA0B0672CAB579300D59814 /* Debug */,
				8EA0B0682CAB579300D59814 /* Release */,
			);
			defaultConfigurationIsVisible = 0;
			defaultConfigurationName = Release;
		};
		8EA0B0692CAB579300D59814 /* Build configuration list for PBXNativeTarget "HuertaColeccionDeJuegos" */ = {
			isa = XCConfigurationList;
			buildConfigurations = (
				8EA0B06A2CAB579300D59814 /* Debug */,
				8EA0B06B2CAB579300D59814 /* Release */,
			);
			defaultConfigurationIsVisible = 0;
			defaultConfigurationName = Release;
		};
/* End XCConfigurationList section */

/* Begin XCVersionGroup section */
		8EA0B05E2CAB579100D59814 /* HuertaColeccionDeJuegos.xcdatamodeld */ = {
			isa = XCVersionGroup;
			children = (
				8EA0B05F2CAB579100D59814 /* HuertaColeccionDeJuegos.xcdatamodel */,
			);
			currentVersion = 8EA0B05F2CAB579100D59814 /* HuertaColeccionDeJuegos.xcdatamodel */;
			path = HuertaColeccionDeJuegos.xcdatamodeld;
			sourceTree = "<group>";
			versionGroupType = wrapper.xcdatamodel;
		};
/* End XCVersionGroup section */
	};
	rootObject = 8EA0B04A2CAB579100D59814 /* Project object */;
}
